
Microsoft Visual Studio Solution File, Format Version 12.00
# Visual Studio 2013
VisualStudioVersion = 12.0.31101.0
MinimumVisualStudioVersion = 10.0.40219.1
Project("{FAE04EC0-301F-11D3-BF4B-00C04F79EFBC}") = "SnoMedVisualiser", "SnoMedVisualiser\SnoMedVisualiser.csproj", "{9BDA027C-3376-4E23-A084-5A37F4D063FE}"
EndProject
Project("{FAE04EC0-301F-11D3-BF4B-00C04F79EFBC}") = "SnoMedVisualiser.UnitTest", "SnoMedVisualiser.UnitTest\SnoMedVisualiser.UnitTest.csproj", "{28D395F9-EB00-4557-84F0-22CE0CDC649D}"
EndProject
Global
	GlobalSection(SolutionConfigurationPlatforms) = preSolution
		Debug|Any CPU = Debug|Any CPU
		Release|Any CPU = Release|Any CPU
	EndGlobalSection
	GlobalSection(ProjectConfigurationPlatforms) = postSolution
		{9BDA027C-3376-4E23-A084-5A37F4D063FE}.Debug|Any CPU.ActiveCfg = Debug|Any CPU
		{9BDA027C-3376-4E23-A084-5A37F4D063FE}.Debug|Any CPU.Build.0 = Debug|Any CPU
		{9BDA027C-3376-4E23-A084-5A37F4D063FE}.Release|Any CPU.ActiveCfg = Release|Any CPU
		{9BDA027C-3376-4E23-A084-5A37F4D063FE}.Release|Any CPU.Build.0 = Release|Any CPU
		{28D395F9-EB00-4557-84F0-22CE0CDC649D}.Debug|Any CPU.ActiveCfg = Debug|Any CPU
		{28D395F9-EB00-4557-84F0-22CE0CDC649D}.Debug|Any CPU.Build.0 = Debug|Any CPU
		{28D395F9-EB00-4557-84F0-22CE0CDC649D}.Release|Any CPU.ActiveCfg = Release|Any CPU
	EndGlobalSection
	GlobalSection(SolutionProperties) = preSolution
		HideSolutionNode = FALSE
	EndGlobalSection
EndGlobal
